// !$*UTF8*$!
{
	archiveVersion = 1;
	classes = {
	};
	objectVersion = 56;
	objects = {

/* Begin PBXBuildFile section */
		22023DEA2AEE397600024DE4 /* ShapeView.swift in Sources */ = {isa = PBXBuildFile; fileRef = 22023DE92AEE397600024DE4 /* ShapeView.swift */; };
		22023DEC2AEE3E0000024DE4 /* StripedBackground.swift in Sources */ = {isa = PBXBuildFile; fileRef = 22023DEB2AEE3E0000024DE4 /* StripedBackground.swift */; };
		22A2CE632AEDB09100E34F53 /* Squiggle.swift in Sources */ = {isa = PBXBuildFile; fileRef = 22A2CE622AEDB09100E34F53 /* Squiggle.swift */; };
		22A2CE652AEDB24000E34F53 /* Diamond.swift in Sources */ = {isa = PBXBuildFile; fileRef = 22A2CE642AEDB24000E34F53 /* Diamond.swift */; };
		22A2CE672AEDB5D900E34F53 /* Oval.swift in Sources */ = {isa = PBXBuildFile; fileRef = 22A2CE662AEDB5D900E34F53 /* Oval.swift */; };
		22C1998B2AED6D3F00BED2A0 /* Int.swift in Sources */ = {isa = PBXBuildFile; fileRef = 22C1998A2AED6D3F00BED2A0 /* Int.swift */; };
		22F5A8D82AEB401800AA3511 /* SetGameApp.swift in Sources */ = {isa = PBXBuildFile; fileRef = 22F5A8D72AEB401800AA3511 /* SetGameApp.swift */; };
		22F5A8DA2AEB401800AA3511 /* SetGameView.swift in Sources */ = {isa = PBXBuildFile; fileRef = 22F5A8D92AEB401800AA3511 /* SetGameView.swift */; };
		22F5A8DC2AEB401900AA3511 /* Assets.xcassets in Resources */ = {isa = PBXBuildFile; fileRef = 22F5A8DB2AEB401900AA3511 /* Assets.xcassets */; };
		22F5A8DF2AEB401900AA3511 /* Preview Assets.xcassets in Resources */ = {isa = PBXBuildFile; fileRef = 22F5A8DE2AEB401900AA3511 /* Preview Assets.xcassets */; };
		22F5A8E92AEB428800AA3511 /* SetGameLogic.swift in Sources */ = {isa = PBXBuildFile; fileRef = 22F5A8E82AEB428800AA3511 /* SetGameLogic.swift */; };
		22F5A8EB2AEB5E9400AA3511 /* SetGame.swift in Sources */ = {isa = PBXBuildFile; fileRef = 22F5A8EA2AEB5E9400AA3511 /* SetGame.swift */; };
		22F5A8ED2AEB774F00AA3511 /* CardView.swift in Sources */ = {isa = PBXBuildFile; fileRef = 22F5A8EC2AEB774F00AA3511 /* CardView.swift */; };
		22F5A8F12AEB9A4600AA3511 /* Array+Index.swift in Sources */ = {isa = PBXBuildFile; fileRef = 22F5A8F02AEB9A4600AA3511 /* Array+Index.swift */; };
/* End PBXBuildFile section */

/* Begin PBXFileReference section */
		22023DE92AEE397600024DE4 /* ShapeView.swift */ = {isa = PBXFileReference; lastKnownFileType = sourcecode.swift; path = ShapeView.swift; sourceTree = "<group>"; };
		22023DEB2AEE3E0000024DE4 /* StripedBackground.swift */ = {isa = PBXFileReference; lastKnownFileType = sourcecode.swift; path = StripedBackground.swift; sourceTree = "<group>"; };
		22A2CE622AEDB09100E34F53 /* Squiggle.swift */ = {isa = PBXFileReference; lastKnownFileType = sourcecode.swift; path = Squiggle.swift; sourceTree = "<group>"; };
		22A2CE642AEDB24000E34F53 /* Diamond.swift */ = {isa = PBXFileReference; lastKnownFileType = sourcecode.swift; path = Diamond.swift; sourceTree = "<group>"; };
		22A2CE662AEDB5D900E34F53 /* Oval.swift */ = {isa = PBXFileReference; lastKnownFileType = sourcecode.swift; path = Oval.swift; sourceTree = "<group>"; };
		22C1998A2AED6D3F00BED2A0 /* Int.swift */ = {isa = PBXFileReference; lastKnownFileType = sourcecode.swift; path = Int.swift; sourceTree = "<group>"; };
		22F5A8D42AEB401800AA3511 /* SetGame.app */ = {isa = PBXFileReference; explicitFileType = wrapper.application; includeInIndex = 0; path = SetGame.app; sourceTree = BUILT_PRODUCTS_DIR; };
		22F5A8D72AEB401800AA3511 /* SetGameApp.swift */ = {isa = PBXFileReference; lastKnownFileType = sourcecode.swift; path = SetGameApp.swift; sourceTree = "<group>"; };
		22F5A8D92AEB401800AA3511 /* SetGameView.swift */ = {isa = PBXFileReference; lastKnownFileType = sourcecode.swift; path = SetGameView.swift; sourceTree = "<group>"; };
		22F5A8DB2AEB401900AA3511 /* Assets.xcassets */ = {isa = PBXFileReference; lastKnownFileType = folder.assetcatalog; path = Assets.xcassets; sourceTree = "<group>"; };
		22F5A8DE2AEB401900AA3511 /* Preview Assets.xcassets */ = {isa = PBXFileReference; lastKnownFileType = folder.assetcatalog; path = "Preview Assets.xcassets"; sourceTree = "<group>"; };
		22F5A8E82AEB428800AA3511 /* SetGameLogic.swift */ = {isa = PBXFileReference; lastKnownFileType = sourcecode.swift; path = SetGameLogic.swift; sourceTree = "<group>"; };
		22F5A8EA2AEB5E9400AA3511 /* SetGame.swift */ = {isa = PBXFileReference; lastKnownFileType = sourcecode.swift; path = SetGame.swift; sourceTree = "<group>"; };
		22F5A8EC2AEB774F00AA3511 /* CardView.swift */ = {isa = PBXFileReference; lastKnownFileType = sourcecode.swift; path = CardView.swift; sourceTree = "<group>"; };
		22F5A8F02AEB9A4600AA3511 /* Array+Index.swift */ = {isa = PBXFileReference; lastKnownFileType = sourcecode.swift; path = "Array+Index.swift"; sourceTree = "<group>"; };
/* End PBXFileReference section */

/* Begin PBXFrameworksBuildPhase section */
		22F5A8D12AEB401800AA3511 /* Frameworks */ = {
			isa = PBXFrameworksBuildPhase;
			buildActionMask = 2147483647;
			files = (
			);
			runOnlyForDeploymentPostprocessing = 0;
		};
/* End PBXFrameworksBuildPhase section */

/* Begin PBXGroup section */
		22A2CE612AEDB07B00E34F53 /* Shapes */ = {
			isa = PBXGroup;
			children = (
				22A2CE622AEDB09100E34F53 /* Squiggle.swift */,
				22A2CE642AEDB24000E34F53 /* Diamond.swift */,
				22A2CE662AEDB5D900E34F53 /* Oval.swift */,
			);
			name = Shapes;
			sourceTree = "<group>";
		};
		22F5A8CB2AEB401800AA3511 = {
			isa = PBXGroup;
			children = (
				22F5A8D62AEB401800AA3511 /* SetGame */,
				22F5A8D52AEB401800AA3511 /* Products */,
			);
			sourceTree = "<group>";
		};
		22F5A8D52AEB401800AA3511 /* Products */ = {
			isa = PBXGroup;
			children = (
				22F5A8D42AEB401800AA3511 /* SetGame.app */,
			);
			name = Products;
			sourceTree = "<group>";
		};
		22F5A8D62AEB401800AA3511 /* SetGame */ = {
			isa = PBXGroup;
			children = (
				22F5A8EF2AEB9A1A00AA3511 /* Utility */,
				22F5A8E72AEB422200AA3511 /* View */,
				22F5A8E62AEB421700AA3511 /* ViewModel */,
				22F5A8E52AEB421000AA3511 /* Model */,
				22F5A8DB2AEB401900AA3511 /* Assets.xcassets */,
				22F5A8DD2AEB401900AA3511 /* Preview Content */,
			);
			path = SetGame;
			sourceTree = "<group>";
		};
		22F5A8DD2AEB401900AA3511 /* Preview Content */ = {
			isa = PBXGroup;
			children = (
				22F5A8DE2AEB401900AA3511 /* Preview Assets.xcassets */,
			);
			path = "Preview Content";
			sourceTree = "<group>";
		};
		22F5A8E52AEB421000AA3511 /* Model */ = {
			isa = PBXGroup;
			children = (
				22F5A8E82AEB428800AA3511 /* SetGameLogic.swift */,
			);
			name = Model;
			sourceTree = "<group>";
		};
		22F5A8E62AEB421700AA3511 /* ViewModel */ = {
			isa = PBXGroup;
			children = (
				22F5A8EA2AEB5E9400AA3511 /* SetGame.swift */,
			);
			name = ViewModel;
			sourceTree = "<group>";
		};
		22F5A8E72AEB422200AA3511 /* View */ = {
			isa = PBXGroup;
			children = (
				22A2CE612AEDB07B00E34F53 /* Shapes */,
				22F5A8D72AEB401800AA3511 /* SetGameApp.swift */,
				22F5A8D92AEB401800AA3511 /* SetGameView.swift */,
				22F5A8EC2AEB774F00AA3511 /* CardView.swift */,
				22023DE92AEE397600024DE4 /* ShapeView.swift */,
				22023DEB2AEE3E0000024DE4 /* StripedBackground.swift */,
			);
			name = View;
			sourceTree = "<group>";
		};
		22F5A8EF2AEB9A1A00AA3511 /* Utility */ = {
			isa = PBXGroup;
			children = (
				22F5A8F02AEB9A4600AA3511 /* Array+Index.swift */,
				22C1998A2AED6D3F00BED2A0 /* Int.swift */,
			);
			name = Utility;
			sourceTree = "<group>";
		};
/* End PBXGroup section */

/* Begin PBXNativeTarget section */
		22F5A8D32AEB401800AA3511 /* SetGame */ = {
			isa = PBXNativeTarget;
			buildConfigurationList = 22F5A8E22AEB401900AA3511 /* Build configuration list for PBXNativeTarget "SetGame" */;
			buildPhases = (
				22F5A8D02AEB401800AA3511 /* Sources */,
				22F5A8D12AEB401800AA3511 /* Frameworks */,
				22F5A8D22AEB401800AA3511 /* Resources */,
			);
			buildRules = (
			);
			dependencies = (
			);
			name = SetGame;
			productName = SetGame;
			productReference = 22F5A8D42AEB401800AA3511 /* SetGame.app */;
			productType = "com.apple.product-type.application";
		};
/* End PBXNativeTarget section */

/* Begin PBXProject section */
		22F5A8CC2AEB401800AA3511 /* Project object */ = {
			isa = PBXProject;
			attributes = {
				BuildIndependentTargetsInParallel = 1;
				LastSwiftUpdateCheck = 1500;
				LastUpgradeCheck = 1500;
				TargetAttributes = {
					22F5A8D32AEB401800AA3511 = {
						CreatedOnToolsVersion = 15.0.1;
					};
				};
			};
			buildConfigurationList = 22F5A8CF2AEB401800AA3511 /* Build configuration list for PBXProject "SetGame" */;
			compatibilityVersion = "Xcode 14.0";
			developmentRegion = en;
			hasScannedForEncodings = 0;
			knownRegions = (
				en,
				Base,
			);
			mainGroup = 22F5A8CB2AEB401800AA3511;
			productRefGroup = 22F5A8D52AEB401800AA3511 /* Products */;
			projectDirPath = "";
			projectRoot = "";
			targets = (
				22F5A8D32AEB401800AA3511 /* SetGame */,
			);
		};
/* End PBXProject section */

/* Begin PBXResourcesBuildPhase section */
		22F5A8D22AEB401800AA3511 /* Resources */ = {
			isa = PBXResourcesBuildPhase;
			buildActionMask = 2147483647;
			files = (
				22F5A8DF2AEB401900AA3511 /* Preview Assets.xcassets in Resources */,
				22F5A8DC2AEB401900AA3511 /* Assets.xcassets in Resources */,
			);
			runOnlyForDeploymentPostprocessing = 0;
		};
/* End PBXResourcesBuildPhase section */

/* Begin PBXSourcesBuildPhase section */
		22F5A8D02AEB401800AA3511 /* Sources */ = {
			isa = PBXSourcesBuildPhase;
			buildActionMask = 2147483647;
			files = (
				22F5A8E92AEB428800AA3511 /* SetGameLogic.swift in Sources */,
				22A2CE672AEDB5D900E34F53 /* Oval.swift in Sources */,
				22F5A8DA2AEB401800AA3511 /* SetGameView.swift in Sources */,
				22A2CE632AEDB09100E34F53 /* Squiggle.swift in Sources */,
				22F5A8EB2AEB5E9400AA3511 /* SetGame.swift in Sources */,
				22023DEC2AEE3E0000024DE4 /* StripedBackground.swift in Sources */,
				22023DEA2AEE397600024DE4 /* ShapeView.swift in Sources */,
				22C1998B2AED6D3F00BED2A0 /* Int.swift in Sources */,
				22F5A8D82AEB401800AA3511 /* SetGameApp.swift in Sources */,
				22A2CE652AEDB24000E34F53 /* Diamond.swift in Sources */,
				22F5A8F12AEB9A4600AA3511 /* Array+Index.swift in Sources */,
				22F5A8ED2AEB774F00AA3511 /* CardView.swift in Sources */,
			);
			runOnlyForDeploymentPostprocessing = 0;
		};
/* End PBXSourcesBuildPhase section */

/* Begin XCBuildConfiguration section */
		22F5A8E02AEB401900AA3511 /* Debug */ = {
			isa = XCBuildConfiguration;
			buildSettings = {
				ALWAYS_SEARCH_USER_PATHS = NO;
				ASSETCATALOG_COMPILER_GENERATE_SWIFT_ASSET_SYMBOL_EXTENSIONS = YES;
				CLANG_ANALYZER_NONNULL = YES;
				CLANG_ANALYZER_NUMBER_OBJECT_CONVERSION = YES_AGGRESSIVE;
				CLANG_CXX_LANGUAGE_STANDARD = "gnu++20";
				CLANG_ENABLE_MODULES = YES;
				CLANG_ENABLE_OBJC_ARC = YES;
				CLANG_ENABLE_OBJC_WEAK = YES;
				CLANG_WARN_BLOCK_CAPTURE_AUTORELEASING = YES;
				CLANG_WARN_BOOL_CONVERSION = YES;
				CLANG_WARN_COMMA = YES;
				CLANG_WARN_CONSTANT_CONVERSION = YES;
				CLANG_WARN_DEPRECATED_OBJC_IMPLEMENTATIONS = YES;
				CLANG_WARN_DIRECT_OBJC_ISA_USAGE = YES_ERROR;
				CLANG_WARN_DOCUMENTATION_COMMENTS = YES;
				CLANG_WARN_EMPTY_BODY = YES;
				CLANG_WARN_ENUM_CONVERSION = YES;
				CLANG_WARN_INFINITE_RECURSION = YES;
				CLANG_WARN_INT_CONVERSION = YES;
				CLANG_WARN_NON_LITERAL_NULL_CONVERSION = YES;
				CLANG_WARN_OBJC_IMPLICIT_RETAIN_SELF = YES;
				CLANG_WARN_OBJC_LITERAL_CONVERSION = YES;
				CLANG_WARN_OBJC_ROOT_CLASS = YES_ERROR;
				CLANG_WARN_QUOTED_INCLUDE_IN_FRAMEWORK_HEADER = YES;
				CLANG_WARN_RANGE_LOOP_ANALYSIS = YES;
				CLANG_WARN_STRICT_PROTOTYPES = YES;
				CLANG_WARN_SUSPICIOUS_MOVE = YES;
				CLANG_WARN_UNGUARDED_AVAILABILITY = YES_AGGRESSIVE;
				CLANG_WARN_UNREACHABLE_CODE = YES;
				CLANG_WARN__DUPLICATE_METHOD_MATCH = YES;
				COPY_PHASE_STRIP = NO;
				DEBUG_INFORMATION_FORMAT = dwarf;
				ENABLE_STRICT_OBJC_MSGSEND = YES;
				ENABLE_TESTABILITY = YES;
				ENABLE_USER_SCRIPT_SANDBOXING = YES;
				GCC_C_LANGUAGE_STANDARD = gnu17;
				GCC_DYNAMIC_NO_PIC = NO;
				GCC_NO_COMMON_BLOCKS = YES;
				GCC_OPTIMIZATION_LEVEL = 0;
				GCC_PREPROCESSOR_DEFINITIONS = (
					"DEBUG=1",
					"$(inherited)",
				);
				GCC_WARN_64_TO_32_BIT_CONVERSION = YES;
				GCC_WARN_ABOUT_RETURN_TYPE = YES_ERROR;
				GCC_WARN_UNDECLARED_SELECTOR = YES;
				GCC_WARN_UNINITIALIZED_AUTOS = YES_AGGRESSIVE;
				GCC_WARN_UNUSED_FUNCTION = YES;
				GCC_WARN_UNUSED_VARIABLE = YES;
				IPHONEOS_DEPLOYMENT_TARGET = 17.0;
				LOCALIZATION_PREFERS_STRING_CATALOGS = YES;
				MTL_ENABLE_DEBUG_INFO = INCLUDE_SOURCE;
				MTL_FAST_MATH = YES;
				ONLY_ACTIVE_ARCH = YES;
				SDKROOT = iphoneos;
				SWIFT_ACTIVE_COMPILATION_CONDITIONS = "DEBUG $(inherited)";
				SWIFT_OPTIMIZATION_LEVEL = "-Onone";
			};
			name = Debug;
		};
		22F5A8E12AEB401900AA3511 /* Release */ = {
			isa = XCBuildConfiguration;
			buildSettings = {
				ALWAYS_SEARCH_USER_PATHS = NO;
				ASSETCATALOG_COMPILER_GENERATE_SWIFT_ASSET_SYMBOL_EXTENSIONS = YES;
				CLANG_ANALYZER_NONNULL = YES;
				CLANG_ANALYZER_NUMBER_OBJECT_CONVERSION = YES_AGGRESSIVE;
				CLANG_CXX_LANGUAGE_STANDARD = "gnu++20";
				CLANG_ENABLE_MODULES = YES;
				CLANG_ENABLE_OBJC_ARC = YES;
				CLANG_ENABLE_OBJC_WEAK = YES;
				CLANG_WARN_BLOCK_CAPTURE_AUTORELEASING = YES;
				CLANG_WARN_BOOL_CONVERSION = YES;
				CLANG_WARN_COMMA = YES;
				CLANG_WARN_CONSTANT_CONVERSION = YES;
				CLANG_WARN_DEPRECATED_OBJC_IMPLEMENTATIONS = YES;
				CLANG_WARN_DIRECT_OBJC_ISA_USAGE = YES_ERROR;
				CLANG_WARN_DOCUMENTATION_COMMENTS = YES;
				CLANG_WARN_EMPTY_BODY = YES;
				CLANG_WARN_ENUM_CONVERSION = YES;
				CLANG_WARN_INFINITE_RECURSION = YES;
				CLANG_WARN_INT_CONVERSION = YES;
				CLANG_WARN_NON_LITERAL_NULL_CONVERSION = YES;
				CLANG_WARN_OBJC_IMPLICIT_RETAIN_SELF = YES;
				CLANG_WARN_OBJC_LITERAL_CONVERSION = YES;
				CLANG_WARN_OBJC_ROOT_CLASS = YES_ERROR;
				CLANG_WARN_QUOTED_INCLUDE_IN_FRAMEWORK_HEADER = YES;
				CLANG_WARN_RANGE_LOOP_ANALYSIS = YES;
				CLANG_WARN_STRICT_PROTOTYPES = YES;
				CLANG_WARN_SUSPICIOUS_MOVE = YES;
				CLANG_WARN_UNGUARDED_AVAILABILITY = YES_AGGRESSIVE;
				CLANG_WARN_UNREACHABLE_CODE = YES;
				CLANG_WARN__DUPLICATE_METHOD_MATCH = YES;
				COPY_PHASE_STRIP = NO;
				DEBUG_INFORMATION_FORMAT = "dwarf-with-dsym";
				ENABLE_NS_ASSERTIONS = NO;
				ENABLE_STRICT_OBJC_MSGSEND = YES;
				ENABLE_USER_SCRIPT_SANDBOXING = YES;
				GCC_C_LANGUAGE_STANDARD = gnu17;
				GCC_NO_COMMON_BLOCKS = YES;
				GCC_WARN_64_TO_32_BIT_CONVERSION = YES;
				GCC_WARN_ABOUT_RETURN_TYPE = YES_ERROR;
				GCC_WARN_UNDECLARED_SELECTOR = YES;
				GCC_WARN_UNINITIALIZED_AUTOS = YES_AGGRESSIVE;
				GCC_WARN_UNUSED_FUNCTION = YES;
				GCC_WARN_UNUSED_VARIABLE = YES;
				IPHONEOS_DEPLOYMENT_TARGET = 17.0;
				LOCALIZATION_PREFERS_STRING_CATALOGS = YES;
				MTL_ENABLE_DEBUG_INFO = NO;
				MTL_FAST_MATH = YES;
				SDKROOT = iphoneos;
				SWIFT_COMPILATION_MODE = wholemodule;
				VALIDATE_PRODUCT = YES;
			};
			name = Release;
		};
		22F5A8E32AEB401900AA3511 /* Debug */ = {
			isa = XCBuildConfiguration;
			buildSettings = {
				ASSETCATALOG_COMPILER_APPICON_NAME = AppIcon;
				ASSETCATALOG_COMPILER_GLOBAL_ACCENT_COLOR_NAME = AccentColor;
				CODE_SIGN_STYLE = Automatic;
				CURRENT_PROJECT_VERSION = 1;
				DEVELOPMENT_ASSET_PATHS = "\"SetGame/Preview Content\"";
				DEVELOPMENT_TEAM = 37F883F3CX;
				ENABLE_PREVIEWS = YES;
				GENERATE_INFOPLIST_FILE = YES;
				INFOPLIST_KEY_UIApplicationSceneManifest_Generation = YES;
				INFOPLIST_KEY_UIApplicationSupportsIndirectInputEvents = YES;
				INFOPLIST_KEY_UILaunchScreen_Generation = YES;
				INFOPLIST_KEY_UISupportedInterfaceOrientations_iPad = "UIInterfaceOrientationPortrait UIInterfaceOrientationPortraitUpsideDown UIInterfaceOrientationLandscapeLeft UIInterfaceOrientationLandscapeRight";
				INFOPLIST_KEY_UISupportedInterfaceOrientations_iPhone = "UIInterfaceOrientationPortrait UIInterfaceOrientationLandscapeLeft UIInterfaceOrientationLandscapeRight";
				LD_RUNPATH_SEARCH_PATHS = (
					"$(inherited)",
					"@executable_path/Frameworks",
				);
				MARKETING_VERSION = 1.0;
				PRODUCT_BUNDLE_IDENTIFIER = org.fisherandrew.SetGame;
				PRODUCT_NAME = "$(TARGET_NAME)";
				SWIFT_EMIT_LOC_STRINGS = YES;
				SWIFT_VERSION = 5.0;
				TARGETED_DEVICE_FAMILY = "1,2";
			};
			name = Debug;
		};
		22F5A8E42AEB401900AA3511 /* Release */ = {
			isa = XCBuildConfiguration;
			buildSettings = {
				ASSETCATALOG_COMPILER_APPICON_NAME = AppIcon;
				ASSETCATALOG_COMPILER_GLOBAL_ACCENT_COLOR_NAME = AccentColor;
				CODE_SIGN_STYLE = Automatic;
				CURRENT_PROJECT_VERSION = 1;
				DEVELOPMENT_ASSET_PATHS = "\"SetGame/Preview Content\"";
				DEVELOPMENT_TEAM = 37F883F3CX;
				ENABLE_PREVIEWS = YES;
				GENERATE_INFOPLIST_FILE = YES;
				INFOPLIST_KEY_UIApplicationSceneManifest_Generation = YES;
				INFOPLIST_KEY_UIApplicationSupportsIndirectInputEvents = YES;
				INFOPLIST_KEY_UILaunchScreen_Generation = YES;
				INFOPLIST_KEY_UISupportedInterfaceOrientations_iPad = "UIInterfaceOrientationPortrait UIInterfaceOrientationPortraitUpsideDown UIInterfaceOrientationLandscapeLeft UIInterfaceOrientationLandscapeRight";
				INFOPLIST_KEY_UISupportedInterfaceOrientations_iPhone = "UIInterfaceOrientationPortrait UIInterfaceOrientationLandscapeLeft UIInterfaceOrientationLandscapeRight";
				LD_RUNPATH_SEARCH_PATHS = (
					"$(inherited)",
					"@executable_path/Frameworks",
				);
				MARKETING_VERSION = 1.0;
				PRODUCT_BUNDLE_IDENTIFIER = org.fisherandrew.SetGame;
				PRODUCT_NAME = "$(TARGET_NAME)";
				SWIFT_EMIT_LOC_STRINGS = YES;
				SWIFT_VERSION = 5.0;
				TARGETED_DEVICE_FAMILY = "1,2";
			};
			name = Release;
		};
/* End XCBuildConfiguration section */

/* Begin XCConfigurationList section */
		22F5A8CF2AEB401800AA3511 /* Build configuration list for PBXProject "SetGame" */ = {
			isa = XCConfigurationList;
			buildConfigurations = (
				22F5A8E02AEB401900AA3511 /* Debug */,
				22F5A8E12AEB401900AA3511 /* Release */,
			);
			defaultConfigurationIsVisible = 0;
			defaultConfigurationName = Release;
		};
		22F5A8E22AEB401900AA3511 /* Build configuration list for PBXNativeTarget "SetGame" */ = {
			isa = XCConfigurationList;
			buildConfigurations = (
				22F5A8E32AEB401900AA3511 /* Debug */,
				22F5A8E42AEB401900AA3511 /* Release */,
			);
			defaultConfigurationIsVisible = 0;
			defaultConfigurationName = Release;
		};
/* End XCConfigurationList section */
	};
	rootObject = 22F5A8CC2AEB401800AA3511 /* Project object */;
}
